
Microsoft Visual Studio Solution File, Format Version 12.00
# Visual Studio Version 16
VisualStudioVersion = 16.0.31702.278
MinimumVisualStudioVersion = 10.0.40219.1
Project("{FAE04EC0-301F-11D3-BF4B-00C04F79EFBC}") = "Weather Channel", "Weather Channel.csproj", "{C139C427-C7BF-4CB0-B511-25F1B41E5DE0}"
EndProject
Global
	GlobalSection(SolutionConfigurationPlatforms) = preSolution
		Debug|Any CPU = Debug|Any CPU
		Release|Any CPU = Release|Any CPU
	EndGlobalSection
	GlobalSection(ProjectConfigurationPlatforms) = postSolution
		{C139C427-C7BF-4CB0-B511-25F1B41E5DE0}.Debug|Any CPU.ActiveCfg = Debug|Any CPU
		{C139C427-C7BF-4CB0-B511-25F1B41E5DE0}.Debug|Any CPU.Build.0 = Debug|Any CPU
		{C139C427-C7BF-4CB0-B511-25F1B41E5DE0}.Release|Any CPU.ActiveCfg = Release|Any CPU
		{C139C427-C7BF-4CB0-B511-25F1B41E5DE0}.Release|Any CPU.Build.0 = Release|Any CPU
	EndGlobalSection
	GlobalSection(SolutionProperties) = preSolution
		HideSolutionNode = FALSE
	EndGlobalSection
	GlobalSection(ExtensibilityGlobals) = postSolution
		SolutionGuid = {6BB3E519-9895-4801-940E-A43306D8FECA}
	EndGlobalSection
EndGlobal
